
Microsoft Visual Studio Solution File, Format Version 12.00
# Visual Studio Version 16
VisualStudioVersion = 16.0.29519.181
MinimumVisualStudioVersion = 10.0.40219.1
Project("{FAE04EC0-301F-11D3-BF4B-00C04F79EFBC}") = "USD to BGN", "USD to BGN\USD to BGN.csproj", "{F8E2CA91-B8E5-4CE6-B610-5561C54CDBD2}"
EndProject
Project("{FAE04EC0-301F-11D3-BF4B-00C04F79EFBC}") = "Tailoring Workshop", "Tailoring Workshop\Tailoring Workshop.csproj", "{0B90345B-6B36-483B-ACF0-BF75F9778F56}"
EndProject
Project("{FAE04EC0-301F-11D3-BF4B-00C04F79EFBC}") = "Dance Hall", "Dance Hall\Dance Hall.csproj", "{F74CA234-AAC8-4C66-8C92-4C23C81176CA}"
EndProject
Project("{FAE04EC0-301F-11D3-BF4B-00C04F79EFBC}") = "Charity Campaign", "Charity Campaign\Charity Campaign.csproj", "{6C8DA8B3-4AEE-49CA-A474-5C3CC429AFA4}"
EndProject
Project("{FAE04EC0-301F-11D3-BF4B-00C04F79EFBC}") = "Alcohol Market", "Alcohol Market\Alcohol Market.csproj", "{01B0F82C-3CD7-4DBC-915E-BA1FA4A3F5C6}"
EndProject
Global
	GlobalSection(SolutionConfigurationPlatforms) = preSolution
		Debug|Any CPU = Debug|Any CPU
		Release|Any CPU = Release|Any CPU
	EndGlobalSection
	GlobalSection(ProjectConfigurationPlatforms) = postSolution
		{F8E2CA91-B8E5-4CE6-B610-5561C54CDBD2}.Debug|Any CPU.ActiveCfg = Debug|Any CPU
		{F8E2CA91-B8E5-4CE6-B610-5561C54CDBD2}.Debug|Any CPU.Build.0 = Debug|Any CPU
		{F8E2CA91-B8E5-4CE6-B610-5561C54CDBD2}.Release|Any CPU.ActiveCfg = Release|Any CPU
		{F8E2CA91-B8E5-4CE6-B610-5561C54CDBD2}.Release|Any CPU.Build.0 = Release|Any CPU
		{0B90345B-6B36-483B-ACF0-BF75F9778F56}.Debug|Any CPU.ActiveCfg = Debug|Any CPU
		{0B90345B-6B36-483B-ACF0-BF75F9778F56}.Debug|Any CPU.Build.0 = Debug|Any CPU
		{0B90345B-6B36-483B-ACF0-BF75F9778F56}.Release|Any CPU.ActiveCfg = Release|Any CPU
		{0B90345B-6B36-483B-ACF0-BF75F9778F56}.Release|Any CPU.Build.0 = Release|Any CPU
		{F74CA234-AAC8-4C66-8C92-4C23C81176CA}.Debug|Any CPU.ActiveCfg = Debug|Any CPU
		{F74CA234-AAC8-4C66-8C92-4C23C81176CA}.Debug|Any CPU.Build.0 = Debug|Any CPU
		{F74CA234-AAC8-4C66-8C92-4C23C81176CA}.Release|Any CPU.ActiveCfg = Release|Any CPU
		{F74CA234-AAC8-4C66-8C92-4C23C81176CA}.Release|Any CPU.Build.0 = Release|Any CPU
		{6C8DA8B3-4AEE-49CA-A474-5C3CC429AFA4}.Debug|Any CPU.ActiveCfg = Debug|Any CPU
		{6C8DA8B3-4AEE-49CA-A474-5C3CC429AFA4}.Debug|Any CPU.Build.0 = Debug|Any CPU
		{6C8DA8B3-4AEE-49CA-A474-5C3CC429AFA4}.Release|Any CPU.ActiveCfg = Release|Any CPU
		{6C8DA8B3-4AEE-49CA-A474-5C3CC429AFA4}.Release|Any CPU.Build.0 = Release|Any CPU
		{01B0F82C-3CD7-4DBC-915E-BA1FA4A3F5C6}.Debug|Any CPU.ActiveCfg = Debug|Any CPU
		{01B0F82C-3CD7-4DBC-915E-BA1FA4A3F5C6}.Debug|Any CPU.Build.0 = Debug|Any CPU
		{01B0F82C-3CD7-4DBC-915E-BA1FA4A3F5C6}.Release|Any CPU.ActiveCfg = Release|Any CPU
		{01B0F82C-3CD7-4DBC-915E-BA1FA4A3F5C6}.Release|Any CPU.Build.0 = Release|Any CPU
	EndGlobalSection
	GlobalSection(SolutionProperties) = preSolution
		HideSolutionNode = FALSE
	EndGlobalSection
	GlobalSection(ExtensibilityGlobals) = postSolution
		SolutionGuid = {838B6AD5-7BA1-4C63-812F-95452972C61B}
	EndGlobalSection
EndGlobal
